
Microsoft Visual Studio Solution File, Format Version 12.00
# Visual Studio Version 17
VisualStudioVersion = 17.14.35906.104
MinimumVisualStudioVersion = 10.0.40219.1
Project("{FAE04EC0-301F-11D3-BF4B-00C04F79EFBC}") = "AspireDevTunnels.AppHost", "src\AspireDevTunnels.AppHost\AspireDevTunnels.AppHost.csproj", "{03CB772E-44AB-450E-A4D0-8A6C27650252}"
EndProject
Project("{FAE04EC0-301F-11D3-BF4B-00C04F79EFBC}") = "AspireDevTunnels.ServiceDefaults", "src\AspireDevTunnels.ServiceDefaults\AspireDevTunnels.ServiceDefaults.csproj", "{0CA5AE84-5314-D8FA-E0B2-DCDCD658ACE7}"
EndProject
Project("{FAE04EC0-301F-11D3-BF4B-00C04F79EFBC}") = "AspireDevTunnels.ApiService", "src\AspireDevTunnels.ApiService\AspireDevTunnels.ApiService.csproj", "{ADB89DEC-8433-6297-B7DF-1E3427768A01}"
EndProject
Project("{FAE04EC0-301F-11D3-BF4B-00C04F79EFBC}") = "AspireDevTunnels.Web", "src\AspireDevTunnels.Web\AspireDevTunnels.Web.csproj", "{8128A827-574D-1D13-C4F2-BFEEEF038E17}"
EndProject
Project("{FAE04EC0-301F-11D3-BF4B-00C04F79EFBC}") = "AspiresDevTunnels.Tests", "src\AspireDevTunnels.Tests\AspiresDevTunnels.Tests.csproj", "{8B5448CD-D827-5563-25B1-197BD87428A3}"
EndProject
Project("{2150E333-8FDC-42A3-9474-1A3956D46DE8}") = "Solution Items", "Solution Items", "{02EA681E-C7D8-13C7-8484-4AC65E1B71E8}"
	ProjectSection(SolutionItems) = preProject
		.editorconfig = .editorconfig
		.gitignore = .gitignore
		Directory.Build.props = Directory.Build.props
		Directory.Packages.props = Directory.Packages.props
		global.json = global.json
		README.md = README.md
		NuGet.config = NuGet.config
	EndProjectSection
EndProject
Project("{FAE04EC0-301F-11D3-BF4B-00C04F79EFBC}") = "AspireDevTunnels.SDK.Commands", "src\AspireDevTunnels.SDK.Commands\AspireDevTunnels.SDK.Commands.csproj", "{2231E198-46E9-4865-8710-40C2A2C1022F}"
EndProject
Global
	GlobalSection(SolutionConfigurationPlatforms) = preSolution
		Debug|Any CPU = Debug|Any CPU
		Release|Any CPU = Release|Any CPU
	EndGlobalSection
	GlobalSection(ProjectConfigurationPlatforms) = postSolution
		{03CB772E-44AB-450E-A4D0-8A6C27650252}.Debug|Any CPU.ActiveCfg = Debug|Any CPU
		{03CB772E-44AB-450E-A4D0-8A6C27650252}.Debug|Any CPU.Build.0 = Debug|Any CPU
		{03CB772E-44AB-450E-A4D0-8A6C27650252}.Release|Any CPU.ActiveCfg = Release|Any CPU
		{03CB772E-44AB-450E-A4D0-8A6C27650252}.Release|Any CPU.Build.0 = Release|Any CPU
		{0CA5AE84-5314-D8FA-E0B2-DCDCD658ACE7}.Debug|Any CPU.ActiveCfg = Debug|Any CPU
		{0CA5AE84-5314-D8FA-E0B2-DCDCD658ACE7}.Debug|Any CPU.Build.0 = Debug|Any CPU
		{0CA5AE84-5314-D8FA-E0B2-DCDCD658ACE7}.Release|Any CPU.ActiveCfg = Release|Any CPU
		{0CA5AE84-5314-D8FA-E0B2-DCDCD658ACE7}.Release|Any CPU.Build.0 = Release|Any CPU
		{ADB89DEC-8433-6297-B7DF-1E3427768A01}.Debug|Any CPU.ActiveCfg = Debug|Any CPU
		{ADB89DEC-8433-6297-B7DF-1E3427768A01}.Debug|Any CPU.Build.0 = Debug|Any CPU
		{ADB89DEC-8433-6297-B7DF-1E3427768A01}.Release|Any CPU.ActiveCfg = Release|Any CPU
		{ADB89DEC-8433-6297-B7DF-1E3427768A01}.Release|Any CPU.Build.0 = Release|Any CPU
		{8128A827-574D-1D13-C4F2-BFEEEF038E17}.Debug|Any CPU.ActiveCfg = Debug|Any CPU
		{8128A827-574D-1D13-C4F2-BFEEEF038E17}.Debug|Any CPU.Build.0 = Debug|Any CPU
		{8128A827-574D-1D13-C4F2-BFEEEF038E17}.Release|Any CPU.ActiveCfg = Release|Any CPU
		{8128A827-574D-1D13-C4F2-BFEEEF038E17}.Release|Any CPU.Build.0 = Release|Any CPU
		{8B5448CD-D827-5563-25B1-197BD87428A3}.Debug|Any CPU.ActiveCfg = Debug|Any CPU
		{8B5448CD-D827-5563-25B1-197BD87428A3}.Debug|Any CPU.Build.0 = Debug|Any CPU
		{8B5448CD-D827-5563-25B1-197BD87428A3}.Release|Any CPU.ActiveCfg = Release|Any CPU
		{8B5448CD-D827-5563-25B1-197BD87428A3}.Release|Any CPU.Build.0 = Release|Any CPU
		{2231E198-46E9-4865-8710-40C2A2C1022F}.Debug|Any CPU.ActiveCfg = Debug|Any CPU
		{2231E198-46E9-4865-8710-40C2A2C1022F}.Debug|Any CPU.Build.0 = Debug|Any CPU
		{2231E198-46E9-4865-8710-40C2A2C1022F}.Release|Any CPU.ActiveCfg = Release|Any CPU
		{2231E198-46E9-4865-8710-40C2A2C1022F}.Release|Any CPU.Build.0 = Release|Any CPU
	EndGlobalSection
	GlobalSection(SolutionProperties) = preSolution
		HideSolutionNode = FALSE
	EndGlobalSection
	GlobalSection(ExtensibilityGlobals) = postSolution
		SolutionGuid = {3AF49D42-A3D6-45AB-B63B-FBCCA17751CA}
	EndGlobalSection
EndGlobal
